
Microsoft Visual Studio Solution File, Format Version 12.00
# Visual Studio Express 2012 for Windows Desktop
Project("{FAE04EC0-301F-11D3-BF4B-00C04F79EFBC}") = "Repository", "Repository\Repository.csproj", "{57592B72-A590-45B1-B31F-090193E5AB89}"
EndProject
Project("{FAE04EC0-301F-11D3-BF4B-00C04F79EFBC}") = "WinCRUD", "WinCRUD\WinCRUD.csproj", "{31564E21-193D-4905-9F64-46E4E11FE89C}"
EndProject
Global
	GlobalSection(SolutionConfigurationPlatforms) = preSolution
		Debug|Any CPU = Debug|Any CPU
		Release|Any CPU = Release|Any CPU
	EndGlobalSection
	GlobalSection(ProjectConfigurationPlatforms) = postSolution
		{57592B72-A590-45B1-B31F-090193E5AB89}.Debug|Any CPU.ActiveCfg = Debug|Any CPU
		{57592B72-A590-45B1-B31F-090193E5AB89}.Debug|Any CPU.Build.0 = Debug|Any CPU
		{57592B72-A590-45B1-B31F-090193E5AB89}.Release|Any CPU.ActiveCfg = Release|Any CPU
		{57592B72-A590-45B1-B31F-090193E5AB89}.Release|Any CPU.Build.0 = Release|Any CPU
		{31564E21-193D-4905-9F64-46E4E11FE89C}.Debug|Any CPU.ActiveCfg = Debug|Any CPU
		{31564E21-193D-4905-9F64-46E4E11FE89C}.Debug|Any CPU.Build.0 = Debug|Any CPU
		{31564E21-193D-4905-9F64-46E4E11FE89C}.Release|Any CPU.ActiveCfg = Release|Any CPU
		{31564E21-193D-4905-9F64-46E4E11FE89C}.Release|Any CPU.Build.0 = Release|Any CPU
	EndGlobalSection
	GlobalSection(SolutionProperties) = preSolution
		HideSolutionNode = FALSE
	EndGlobalSection
EndGlobal
